{
  "version": 4,
  "terraform_version": "1.9.8",
  "serial": 2,
  "lineage": "b7ccc065-73dc-61b2-490a-76faba2e1cad",
  "outputs": {
    "vpc_id": {
      "value": "vpc-083e5af42f2bf95ea",
      "type": "string"
    }
  },
  "resources": [
    {
      "mode": "managed",
      "type": "aws_vpc",
      "name": "main",
      "provider": "provider[\"registry.terraform.io/hashicorp/aws\"]",
      "instances": [
        {
          "schema_version": 1,
          "attributes": {
            "arn": "arn:aws:ec2:us-east-1:277707094115:vpc/vpc-083e5af42f2bf95ea",
            "assign_generated_ipv6_cidr_block": false,
            "cidr_block": "10.0.0.0/16",
            "default_network_acl_id": "acl-0cfefb01cfbe05792",
            "default_route_table_id": "rtb-04ff753f3bfac924a",
            "default_security_group_id": "sg-00616b3ae05ba1ec9",
            "dhcp_options_id": "dopt-0f68d3a96244cd295",
            "enable_dns_hostnames": false,
            "enable_dns_support": false,
            "enable_network_address_usage_metrics": false,
            "id": "vpc-083e5af42f2bf95ea",
            "instance_tenancy": "default",
            "ipv4_ipam_pool_id": null,
            "ipv4_netmask_length": null,
            "ipv6_association_id": "",
            "ipv6_cidr_block": "",
            "ipv6_cidr_block_network_border_group": "",
            "ipv6_ipam_pool_id": "",
            "ipv6_netmask_length": 0,
            "main_route_table_id": "rtb-04ff753f3bfac924a",
            "owner_id": "277707094115",
            "tags": {
              "Name": "dev-main"
            },
            "tags_all": {
              "Name": "dev-main"
            }
          },
          "sensitive_attributes": [],
          "private": "eyJzY2hlbWFfdmVyc2lvbiI6IjEifQ=="
        }
      ]
    }
  ],
  "check_results": null
}
